
Microsoft Visual Studio Solution File, Format Version 11.00
# Visual Studio 2010
Project("{FAE04EC0-301F-11D3-BF4B-00C04F79EFBC}") = "TareaBAD1152012", "TareaBAD1152012\TareaBAD1152012.csproj", "{9E230CC8-7F28-4887-9B75-E175EA9509AA}"
EndProject
Global
	GlobalSection(SolutionConfigurationPlatforms) = preSolution
		Debug|Any CPU = Debug|Any CPU
		Release|Any CPU = Release|Any CPU
	EndGlobalSection
	GlobalSection(ProjectConfigurationPlatforms) = postSolution
		{9E230CC8-7F28-4887-9B75-E175EA9509AA}.Debug|Any CPU.ActiveCfg = Debug|Any CPU
		{9E230CC8-7F28-4887-9B75-E175EA9509AA}.Debug|Any CPU.Build.0 = Debug|Any CPU
		{9E230CC8-7F28-4887-9B75-E175EA9509AA}.Release|Any CPU.ActiveCfg = Release|Any CPU
		{9E230CC8-7F28-4887-9B75-E175EA9509AA}.Release|Any CPU.Build.0 = Release|Any CPU
	EndGlobalSection
	GlobalSection(SolutionProperties) = preSolution
		HideSolutionNode = FALSE
	EndGlobalSection
EndGlobal
